// !$*UTF8*$!
{
	archiveVersion = 1;
	classes = {
	};
	objectVersion = 46;
	objects = {

/* Begin PBXBuildFile section */
		8D11072F0486CEB800E47090 /* Cocoa.framework in Frameworks */ = {isa = PBXBuildFile; fileRef = 1058C7A1FEA54F0111CA2CBB /* Cocoa.framework */; };
		B20EE3CE0C340C4B00026AC5 /* Tuio2Demo.cpp in Sources */ = {isa = PBXBuildFile; fileRef = B20EE3C90C340C4B00026AC5 /* Tuio2Demo.cpp */; };
		B20EE47F0C340E0300026AC5 /* OpenGL.framework in Frameworks */ = {isa = PBXBuildFile; fileRef = B20EE47E0C340E0300026AC5 /* OpenGL.framework */; };
		B20EE4830C340E1100026AC5 /* GLUT.framework in Frameworks */ = {isa = PBXBuildFile; fileRef = B20EE4820C340E1100026AC5 /* GLUT.framework */; };
		B298572A1CFA1D0F0068D153 /* SDL2.framework in Frameworks */ = {isa = PBXBuildFile; fileRef = B29857291CFA1D0F0068D153 /* SDL2.framework */; };
		B2C2B89D109067D000262014 /* TUIO.icns in Resources */ = {isa = PBXBuildFile; fileRef = B2C2B89C109067D000262014 /* TUIO.icns */; };
		B2E1CED61A1AB50600710202 /* OscReceiver.cpp in Sources */ = {isa = PBXBuildFile; fileRef = B2E1CEAF1A1AB50600710202 /* OscReceiver.cpp */; };
		B2E1CED81A1AB50600710202 /* TcpReceiver.cpp in Sources */ = {isa = PBXBuildFile; fileRef = B2E1CEB31A1AB50600710202 /* TcpReceiver.cpp */; };
		B2E1CEDA1A1AB50600710202 /* TuioBounds.cpp in Sources */ = {isa = PBXBuildFile; fileRef = B2E1CEB71A1AB50600710202 /* TuioBounds.cpp */; };
		B2E1CEDC1A1AB50600710202 /* TuioComponent.cpp in Sources */ = {isa = PBXBuildFile; fileRef = B2E1CEBB1A1AB50600710202 /* TuioComponent.cpp */; };
		B2E1CEDD1A1AB50600710202 /* TuioDispatcher.cpp in Sources */ = {isa = PBXBuildFile; fileRef = B2E1CEBD1A1AB50600710202 /* TuioDispatcher.cpp */; };
		B2E1CEDE1A1AB50600710202 /* TuioManager.cpp in Sources */ = {isa = PBXBuildFile; fileRef = B2E1CEC01A1AB50600710202 /* TuioManager.cpp */; };
		B2E1CEDF1A1AB50600710202 /* TuioObject.cpp in Sources */ = {isa = PBXBuildFile; fileRef = B2E1CEC21A1AB50600710202 /* TuioObject.cpp */; };
		B2E1CEE01A1AB50600710202 /* TuioPoint.cpp in Sources */ = {isa = PBXBuildFile; fileRef = B2E1CEC41A1AB50600710202 /* TuioPoint.cpp */; };
		B2E1CEE11A1AB50600710202 /* TuioPointer.cpp in Sources */ = {isa = PBXBuildFile; fileRef = B2E1CEC61A1AB50600710202 /* TuioPointer.cpp */; };
		B2E1CEE31A1AB50600710202 /* TuioSymbol.cpp in Sources */ = {isa = PBXBuildFile; fileRef = B2E1CECB1A1AB50600710202 /* TuioSymbol.cpp */; };
		B2E1CEE41A1AB50600710202 /* TuioTime.cpp in Sources */ = {isa = PBXBuildFile; fileRef = B2E1CECD1A1AB50600710202 /* TuioTime.cpp */; };
		B2E1CEE51A1AB50600710202 /* TuioToken.cpp in Sources */ = {isa = PBXBuildFile; fileRef = B2E1CECF1A1AB50600710202 /* TuioToken.cpp */; };
		B2E1CEE61A1AB50600710202 /* UdpReceiver.cpp in Sources */ = {isa = PBXBuildFile; fileRef = B2E1CED11A1AB50600710202 /* UdpReceiver.cpp */; };
		B2E1CF081A1AB57F00710202 /* IpEndpointName.cpp in Sources */ = {isa = PBXBuildFile; fileRef = B2E1CEEB1A1AB57F00710202 /* IpEndpointName.cpp */; };
		B2E1CF091A1AB57F00710202 /* NetworkingUtils.cpp in Sources */ = {isa = PBXBuildFile; fileRef = B2E1CEF01A1AB57F00710202 /* NetworkingUtils.cpp */; };
		B2E1CF0A1A1AB57F00710202 /* UdpSocket.cpp in Sources */ = {isa = PBXBuildFile; fileRef = B2E1CEF11A1AB57F00710202 /* UdpSocket.cpp */; };
		B2E1CF0F1A1AB57F00710202 /* OscPrintReceivedElements.cpp in Sources */ = {isa = PBXBuildFile; fileRef = B2E1CEFF1A1AB57F00710202 /* OscPrintReceivedElements.cpp */; };
		B2E1CF101A1AB57F00710202 /* OscReceivedElements.cpp in Sources */ = {isa = PBXBuildFile; fileRef = B2E1CF011A1AB57F00710202 /* OscReceivedElements.cpp */; };
		B2E1CF111A1AB57F00710202 /* OscTypes.cpp in Sources */ = {isa = PBXBuildFile; fileRef = B2E1CF031A1AB57F00710202 /* OscTypes.cpp */; };
		B2E1CF161A1AB62A00710202 /* TuioClient.cpp in Sources */ = {isa = PBXBuildFile; fileRef = B2E1CF141A1AB62A00710202 /* TuioClient.cpp */; };
/* End PBXBuildFile section */

/* Begin PBXCopyFilesBuildPhase section */
		002F39FD09D0883400EBEB88 /* Copy Frameworks into .app bundle */ = {
			isa = PBXCopyFilesBuildPhase;
			buildActionMask = 2147483647;
			dstPath = "";
			dstSubfolderSpec = 10;
			files = (
			);
			name = "Copy Frameworks into .app bundle";
			runOnlyForDeploymentPostprocessing = 0;
		};
/* End PBXCopyFilesBuildPhase section */

/* Begin PBXFileReference section */
		1058C7A1FEA54F0111CA2CBB /* Cocoa.framework */ = {isa = PBXFileReference; lastKnownFileType = wrapper.framework; name = Cocoa.framework; path = /System/Library/Frameworks/Cocoa.framework; sourceTree = "<absolute>"; };
		29B97324FDCFA39411CA2CEA /* AppKit.framework */ = {isa = PBXFileReference; lastKnownFileType = wrapper.framework; name = AppKit.framework; path = /System/Library/Frameworks/AppKit.framework; sourceTree = "<absolute>"; };
		29B97325FDCFA39411CA2CEA /* Foundation.framework */ = {isa = PBXFileReference; lastKnownFileType = wrapper.framework; name = Foundation.framework; path = /System/Library/Frameworks/Foundation.framework; sourceTree = "<absolute>"; };
		8D1107310486CEB800E47090 /* Tuio2Demo.plist */ = {isa = PBXFileReference; fileEncoding = 4; lastKnownFileType = text.plist.xml; path = Tuio2Demo.plist; sourceTree = "<group>"; };
		8D1107320486CEB800E47090 /* Tuio2Demo.app */ = {isa = PBXFileReference; explicitFileType = wrapper.application; includeInIndex = 0; path = Tuio2Demo.app; sourceTree = BUILT_PRODUCTS_DIR; };
		B20EE3C90C340C4B00026AC5 /* Tuio2Demo.cpp */ = {isa = PBXFileReference; fileEncoding = 30; lastKnownFileType = sourcecode.cpp.cpp; path = Tuio2Demo.cpp; sourceTree = SOURCE_ROOT; };
		B20EE3CA0C340C4B00026AC5 /* Tuio2Demo.h */ = {isa = PBXFileReference; fileEncoding = 30; lastKnownFileType = sourcecode.c.h; path = Tuio2Demo.h; sourceTree = SOURCE_ROOT; };
		B20EE47E0C340E0300026AC5 /* OpenGL.framework */ = {isa = PBXFileReference; lastKnownFileType = wrapper.framework; name = OpenGL.framework; path = /System/Library/Frameworks/OpenGL.framework; sourceTree = "<absolute>"; };
		B20EE4820C340E1100026AC5 /* GLUT.framework */ = {isa = PBXFileReference; lastKnownFileType = wrapper.framework; name = GLUT.framework; path = /System/Library/Frameworks/GLUT.framework; sourceTree = "<absolute>"; };
		B29857291CFA1D0F0068D153 /* SDL2.framework */ = {isa = PBXFileReference; lastKnownFileType = wrapper.framework; name = SDL2.framework; path = /Library/Frameworks/SDL2.framework; sourceTree = "<absolute>"; };
		B2C2B89C109067D000262014 /* TUIO.icns */ = {isa = PBXFileReference; lastKnownFileType = image.icns; path = TUIO.icns; sourceTree = SOURCE_ROOT; };
		B2E1CEAF1A1AB50600710202 /* OscReceiver.cpp */ = {isa = PBXFileReference; fileEncoding = 4; lastKnownFileType = sourcecode.cpp.cpp; name = OscReceiver.cpp; path = ../TUIO2/OscReceiver.cpp; sourceTree = "<group>"; };
		B2E1CEB01A1AB50600710202 /* OscReceiver.h */ = {isa = PBXFileReference; fileEncoding = 4; lastKnownFileType = sourcecode.c.h; name = OscReceiver.h; path = ../TUIO2/OscReceiver.h; sourceTree = "<group>"; };
		B2E1CEB31A1AB50600710202 /* TcpReceiver.cpp */ = {isa = PBXFileReference; fileEncoding = 4; lastKnownFileType = sourcecode.cpp.cpp; name = TcpReceiver.cpp; path = ../TUIO2/TcpReceiver.cpp; sourceTree = "<group>"; };
		B2E1CEB41A1AB50600710202 /* TcpReceiver.h */ = {isa = PBXFileReference; fileEncoding = 4; lastKnownFileType = sourcecode.c.h; name = TcpReceiver.h; path = ../TUIO2/TcpReceiver.h; sourceTree = "<group>"; };
		B2E1CEB71A1AB50600710202 /* TuioBounds.cpp */ = {isa = PBXFileReference; fileEncoding = 4; lastKnownFileType = sourcecode.cpp.cpp; name = TuioBounds.cpp; path = ../TUIO2/TuioBounds.cpp; sourceTree = "<group>"; };
		B2E1CEB81A1AB50600710202 /* TuioBounds.h */ = {isa = PBXFileReference; fileEncoding = 4; lastKnownFileType = sourcecode.c.h; name = TuioBounds.h; path = ../TUIO2/TuioBounds.h; sourceTree = "<group>"; };
		B2E1CEBB1A1AB50600710202 /* TuioComponent.cpp */ = {isa = PBXFileReference; fileEncoding = 4; lastKnownFileType = sourcecode.cpp.cpp; name = TuioComponent.cpp; path = ../TUIO2/TuioComponent.cpp; sourceTree = "<group>"; };
		B2E1CEBC1A1AB50600710202 /* TuioComponent.h */ = {isa = PBXFileReference; fileEncoding = 4; lastKnownFileType = sourcecode.c.h; name = TuioComponent.h; path = ../TUIO2/TuioComponent.h; sourceTree = "<group>"; };
		B2E1CEBD1A1AB50600710202 /* TuioDispatcher.cpp */ = {isa = PBXFileReference; fileEncoding = 4; lastKnownFileType = sourcecode.cpp.cpp; name = TuioDispatcher.cpp; path = ../TUIO2/TuioDispatcher.cpp; sourceTree = "<group>"; };
		B2E1CEBE1A1AB50600710202 /* TuioDispatcher.h */ = {isa = PBXFileReference; fileEncoding = 4; lastKnownFileType = sourcecode.c.h; name = TuioDispatcher.h; path = ../TUIO2/TuioDispatcher.h; sourceTree = "<group>"; };
		B2E1CEBF1A1AB50600710202 /* TuioListener.h */ = {isa = PBXFileReference; fileEncoding = 4; lastKnownFileType = sourcecode.c.h; name = TuioListener.h; path = ../TUIO2/TuioListener.h; sourceTree = "<group>"; };
		B2E1CEC01A1AB50600710202 /* TuioManager.cpp */ = {isa = PBXFileReference; fileEncoding = 4; lastKnownFileType = sourcecode.cpp.cpp; name = TuioManager.cpp; path = ../TUIO2/TuioManager.cpp; sourceTree = "<group>"; };
		B2E1CEC11A1AB50600710202 /* TuioManager.h */ = {isa = PBXFileReference; fileEncoding = 4; lastKnownFileType = sourcecode.c.h; name = TuioManager.h; path = ../TUIO2/TuioManager.h; sourceTree = "<group>"; };
		B2E1CEC21A1AB50600710202 /* TuioObject.cpp */ = {isa = PBXFileReference; fileEncoding = 4; lastKnownFileType = sourcecode.cpp.cpp; name = TuioObject.cpp; path = ../TUIO2/TuioObject.cpp; sourceTree = "<group>"; };
		B2E1CEC31A1AB50600710202 /* TuioObject.h */ = {isa = PBXFileReference; fileEncoding = 4; lastKnownFileType = sourcecode.c.h; name = TuioObject.h; path = ../TUIO2/TuioObject.h; sourceTree = "<group>"; };
		B2E1CEC41A1AB50600710202 /* TuioPoint.cpp */ = {isa = PBXFileReference; fileEncoding = 4; lastKnownFileType = sourcecode.cpp.cpp; name = TuioPoint.cpp; path = ../TUIO2/TuioPoint.cpp; sourceTree = "<group>"; };
		B2E1CEC51A1AB50600710202 /* TuioPoint.h */ = {isa = PBXFileReference; fileEncoding = 4; lastKnownFileType = sourcecode.c.h; name = TuioPoint.h; path = ../TUIO2/TuioPoint.h; sourceTree = "<group>"; };
		B2E1CEC61A1AB50600710202 /* TuioPointer.cpp */ = {isa = PBXFileReference; fileEncoding = 4; lastKnownFileType = sourcecode.cpp.cpp; name = TuioPointer.cpp; path = ../TUIO2/TuioPointer.cpp; sourceTree = "<group>"; };
		B2E1CEC71A1AB50600710202 /* TuioPointer.h */ = {isa = PBXFileReference; fileEncoding = 4; lastKnownFileType = sourcecode.c.h; name = TuioPointer.h; path = ../TUIO2/TuioPointer.h; sourceTree = "<group>"; };
		B2E1CECA1A1AB50600710202 /* TuioSource.h */ = {isa = PBXFileReference; fileEncoding = 4; lastKnownFileType = sourcecode.c.h; name = TuioSource.h; path = ../TUIO2/TuioSource.h; sourceTree = "<group>"; };
		B2E1CECB1A1AB50600710202 /* TuioSymbol.cpp */ = {isa = PBXFileReference; fileEncoding = 4; lastKnownFileType = sourcecode.cpp.cpp; name = TuioSymbol.cpp; path = ../TUIO2/TuioSymbol.cpp; sourceTree = "<group>"; };
		B2E1CECC1A1AB50600710202 /* TuioSymbol.h */ = {isa = PBXFileReference; fileEncoding = 4; lastKnownFileType = sourcecode.c.h; name = TuioSymbol.h; path = ../TUIO2/TuioSymbol.h; sourceTree = "<group>"; };
		B2E1CECD1A1AB50600710202 /* TuioTime.cpp */ = {isa = PBXFileReference; fileEncoding = 4; lastKnownFileType = sourcecode.cpp.cpp; name = TuioTime.cpp; path = ../TUIO2/TuioTime.cpp; sourceTree = "<group>"; };
		B2E1CECE1A1AB50600710202 /* TuioTime.h */ = {isa = PBXFileReference; fileEncoding = 4; lastKnownFileType = sourcecode.c.h; name = TuioTime.h; path = ../TUIO2/TuioTime.h; sourceTree = "<group>"; };
		B2E1CECF1A1AB50600710202 /* TuioToken.cpp */ = {isa = PBXFileReference; fileEncoding = 4; lastKnownFileType = sourcecode.cpp.cpp; name = TuioToken.cpp; path = ../TUIO2/TuioToken.cpp; sourceTree = "<group>"; };
		B2E1CED01A1AB50600710202 /* TuioToken.h */ = {isa = PBXFileReference; fileEncoding = 4; lastKnownFileType = sourcecode.c.h; name = TuioToken.h; path = ../TUIO2/TuioToken.h; sourceTree = "<group>"; };
		B2E1CED11A1AB50600710202 /* UdpReceiver.cpp */ = {isa = PBXFileReference; fileEncoding = 4; lastKnownFileType = sourcecode.cpp.cpp; name = UdpReceiver.cpp; path = ../TUIO2/UdpReceiver.cpp; sourceTree = "<group>"; };
		B2E1CED21A1AB50600710202 /* UdpReceiver.h */ = {isa = PBXFileReference; fileEncoding = 4; lastKnownFileType = sourcecode.c.h; name = UdpReceiver.h; path = ../TUIO2/UdpReceiver.h; sourceTree = "<group>"; };
		B2E1CEEB1A1AB57F00710202 /* IpEndpointName.cpp */ = {isa = PBXFileReference; fileEncoding = 4; lastKnownFileType = sourcecode.cpp.cpp; path = IpEndpointName.cpp; sourceTree = "<group>"; };
		B2E1CEEC1A1AB57F00710202 /* IpEndpointName.h */ = {isa = PBXFileReference; fileEncoding = 4; lastKnownFileType = sourcecode.c.h; path = IpEndpointName.h; sourceTree = "<group>"; };
		B2E1CEED1A1AB57F00710202 /* NetworkingUtils.h */ = {isa = PBXFileReference; fileEncoding = 4; lastKnownFileType = sourcecode.c.h; path = NetworkingUtils.h; sourceTree = "<group>"; };
		B2E1CEEE1A1AB57F00710202 /* PacketListener.h */ = {isa = PBXFileReference; fileEncoding = 4; lastKnownFileType = sourcecode.c.h; path = PacketListener.h; sourceTree = "<group>"; };
		B2E1CEF01A1AB57F00710202 /* NetworkingUtils.cpp */ = {isa = PBXFileReference; fileEncoding = 4; lastKnownFileType = sourcecode.cpp.cpp; path = NetworkingUtils.cpp; sourceTree = "<group>"; };
		B2E1CEF11A1AB57F00710202 /* UdpSocket.cpp */ = {isa = PBXFileReference; fileEncoding = 4; lastKnownFileType = sourcecode.cpp.cpp; path = UdpSocket.cpp; sourceTree = "<group>"; };
		B2E1CEF21A1AB57F00710202 /* TimerListener.h */ = {isa = PBXFileReference; fileEncoding = 4; lastKnownFileType = sourcecode.c.h; path = TimerListener.h; sourceTree = "<group>"; };
		B2E1CEF31A1AB57F00710202 /* UdpSocket.h */ = {isa = PBXFileReference; fileEncoding = 4; lastKnownFileType = sourcecode.c.h; path = UdpSocket.h; sourceTree = "<group>"; };
		B2E1CEF91A1AB57F00710202 /* MessageMappingOscPacketListener.h */ = {isa = PBXFileReference; fileEncoding = 4; lastKnownFileType = sourcecode.c.h; path = MessageMappingOscPacketListener.h; sourceTree = "<group>"; };
		B2E1CEFA1A1AB57F00710202 /* OscException.h */ = {isa = PBXFileReference; fileEncoding = 4; lastKnownFileType = sourcecode.c.h; path = OscException.h; sourceTree = "<group>"; };
		B2E1CEFB1A1AB57F00710202 /* OscHostEndianness.h */ = {isa = PBXFileReference; fileEncoding = 4; lastKnownFileType = sourcecode.c.h; path = OscHostEndianness.h; sourceTree = "<group>"; };
		B2E1CEFE1A1AB57F00710202 /* OscPacketListener.h */ = {isa = PBXFileReference; fileEncoding = 4; lastKnownFileType = sourcecode.c.h; path = OscPacketListener.h; sourceTree = "<group>"; };
		B2E1CEFF1A1AB57F00710202 /* OscPrintReceivedElements.cpp */ = {isa = PBXFileReference; fileEncoding = 4; lastKnownFileType = sourcecode.cpp.cpp; path = OscPrintReceivedElements.cpp; sourceTree = "<group>"; };
		B2E1CF001A1AB57F00710202 /* OscPrintReceivedElements.h */ = {isa = PBXFileReference; fileEncoding = 4; lastKnownFileType = sourcecode.c.h; path = OscPrintReceivedElements.h; sourceTree = "<group>"; };
		B2E1CF011A1AB57F00710202 /* OscReceivedElements.cpp */ = {isa = PBXFileReference; fileEncoding = 4; lastKnownFileType = sourcecode.cpp.cpp; path = OscReceivedElements.cpp; sourceTree = "<group>"; };
		B2E1CF021A1AB57F00710202 /* OscReceivedElements.h */ = {isa = PBXFileReference; fileEncoding = 4; lastKnownFileType = sourcecode.c.h; path = OscReceivedElements.h; sourceTree = "<group>"; };
		B2E1CF031A1AB57F00710202 /* OscTypes.cpp */ = {isa = PBXFileReference; fileEncoding = 4; lastKnownFileType = sourcecode.cpp.cpp; path = OscTypes.cpp; sourceTree = "<group>"; };
		B2E1CF041A1AB57F00710202 /* OscTypes.h */ = {isa = PBXFileReference; fileEncoding = 4; lastKnownFileType = sourcecode.c.h; path = OscTypes.h; sourceTree = "<group>"; };
		B2E1CF141A1AB62A00710202 /* TuioClient.cpp */ = {isa = PBXFileReference; fileEncoding = 4; lastKnownFileType = sourcecode.cpp.cpp; name = TuioClient.cpp; path = ../TUIO2/TuioClient.cpp; sourceTree = "<group>"; };
		B2E1CF151A1AB62A00710202 /* TuioClient.h */ = {isa = PBXFileReference; fileEncoding = 4; lastKnownFileType = sourcecode.c.h; name = TuioClient.h; path = ../TUIO2/TuioClient.h; sourceTree = "<group>"; };
/* End PBXFileReference section */

/* Begin PBXFrameworksBuildPhase section */
		8D11072E0486CEB800E47090 /* Frameworks */ = {
			isa = PBXFrameworksBuildPhase;
			buildActionMask = 2147483647;
			files = (
				8D11072F0486CEB800E47090 /* Cocoa.framework in Frameworks */,
				B20EE47F0C340E0300026AC5 /* OpenGL.framework in Frameworks */,
				B20EE4830C340E1100026AC5 /* GLUT.framework in Frameworks */,
				B298572A1CFA1D0F0068D153 /* SDL2.framework in Frameworks */,
			);
			runOnlyForDeploymentPostprocessing = 0;
		};
/* End PBXFrameworksBuildPhase section */

/* Begin PBXGroup section */
		080E96DDFE201D6D7F000001 /* Classes */ = {
			isa = PBXGroup;
			children = (
				B20EE3C90C340C4B00026AC5 /* Tuio2Demo.cpp */,
				B20EE3CA0C340C4B00026AC5 /* Tuio2Demo.h */,
				B277C9FB0F51B32800D84853 /* TUIO2 */,
				B2E1CEE81A1AB57F00710202 /* oscpack */,
			);
			name = Classes;
			sourceTree = "<group>";
		};
		1058C7A0FEA54F0111CA2CBB /* Linked Frameworks */ = {
			isa = PBXGroup;
			children = (
				B29857291CFA1D0F0068D153 /* SDL2.framework */,
				B20EE4820C340E1100026AC5 /* GLUT.framework */,
				B20EE47E0C340E0300026AC5 /* OpenGL.framework */,
				1058C7A1FEA54F0111CA2CBB /* Cocoa.framework */,
			);
			name = "Linked Frameworks";
			sourceTree = "<group>";
		};
		1058C7A2FEA54F0111CA2CBB /* Other Frameworks */ = {
			isa = PBXGroup;
			children = (
				29B97324FDCFA39411CA2CEA /* AppKit.framework */,
				29B97325FDCFA39411CA2CEA /* Foundation.framework */,
			);
			name = "Other Frameworks";
			sourceTree = "<group>";
		};
		19C28FACFE9D520D11CA2CBB /* Products */ = {
			isa = PBXGroup;
			children = (
				8D1107320486CEB800E47090 /* Tuio2Demo.app */,
			);
			name = Products;
			sourceTree = "<group>";
		};
		29B97314FDCFA39411CA2CEA /* TUIO_CPP */ = {
			isa = PBXGroup;
			children = (
				080E96DDFE201D6D7F000001 /* Classes */,
				29B97315FDCFA39411CA2CEA /* Other Sources */,
				29B97317FDCFA39411CA2CEA /* Resources */,
				29B97323FDCFA39411CA2CEA /* Frameworks */,
				19C28FACFE9D520D11CA2CBB /* Products */,
			);
			name = TUIO_CPP;
			sourceTree = "<group>";
		};
		29B97315FDCFA39411CA2CEA /* Other Sources */ = {
			isa = PBXGroup;
			children = (
			);
			name = "Other Sources";
			sourceTree = "<group>";
		};
		29B97317FDCFA39411CA2CEA /* Resources */ = {
			isa = PBXGroup;
			children = (
				B2C2B89C109067D000262014 /* TUIO.icns */,
				8D1107310486CEB800E47090 /* Tuio2Demo.plist */,
			);
			name = Resources;
			sourceTree = "<group>";
		};
		29B97323FDCFA39411CA2CEA /* Frameworks */ = {
			isa = PBXGroup;
			children = (
				1058C7A0FEA54F0111CA2CBB /* Linked Frameworks */,
				1058C7A2FEA54F0111CA2CBB /* Other Frameworks */,
			);
			name = Frameworks;
			sourceTree = "<group>";
		};
		B277C9FB0F51B32800D84853 /* TUIO2 */ = {
			isa = PBXGroup;
			children = (
				B2E1CF141A1AB62A00710202 /* TuioClient.cpp */,
				B2E1CF151A1AB62A00710202 /* TuioClient.h */,
				B2E1CEAF1A1AB50600710202 /* OscReceiver.cpp */,
				B2E1CEB01A1AB50600710202 /* OscReceiver.h */,
				B2E1CED11A1AB50600710202 /* UdpReceiver.cpp */,
				B2E1CED21A1AB50600710202 /* UdpReceiver.h */,
				B2E1CEB31A1AB50600710202 /* TcpReceiver.cpp */,
				B2E1CEB41A1AB50600710202 /* TcpReceiver.h */,
				B2E1CEC01A1AB50600710202 /* TuioManager.cpp */,
				B2E1CEC11A1AB50600710202 /* TuioManager.h */,
				B2E1CEBD1A1AB50600710202 /* TuioDispatcher.cpp */,
				B2E1CEBE1A1AB50600710202 /* TuioDispatcher.h */,
				B2E1CEBF1A1AB50600710202 /* TuioListener.h */,
				B2E1CEC21A1AB50600710202 /* TuioObject.cpp */,
				B2E1CEC31A1AB50600710202 /* TuioObject.h */,
				B2E1CEC41A1AB50600710202 /* TuioPoint.cpp */,
				B2E1CEC51A1AB50600710202 /* TuioPoint.h */,
				B2E1CEBB1A1AB50600710202 /* TuioComponent.cpp */,
				B2E1CEBC1A1AB50600710202 /* TuioComponent.h */,
				B2E1CECF1A1AB50600710202 /* TuioToken.cpp */,
				B2E1CED01A1AB50600710202 /* TuioToken.h */,
				B2E1CEC61A1AB50600710202 /* TuioPointer.cpp */,
				B2E1CEC71A1AB50600710202 /* TuioPointer.h */,
				B2E1CEB71A1AB50600710202 /* TuioBounds.cpp */,
				B2E1CEB81A1AB50600710202 /* TuioBounds.h */,
				B2E1CECB1A1AB50600710202 /* TuioSymbol.cpp */,
				B2E1CECC1A1AB50600710202 /* TuioSymbol.h */,
				B2E1CECD1A1AB50600710202 /* TuioTime.cpp */,
				B2E1CECE1A1AB50600710202 /* TuioTime.h */,
				B2E1CECA1A1AB50600710202 /* TuioSource.h */,
			);
			name = TUIO2;
			sourceTree = "<group>";
		};
		B2E1CEE81A1AB57F00710202 /* oscpack */ = {
			isa = PBXGroup;
			children = (
				B2E1CEEA1A1AB57F00710202 /* ip */,
				B2E1CEF81A1AB57F00710202 /* osc */,
			);
			name = oscpack;
			path = ../oscpack;
			sourceTree = "<group>";
		};
		B2E1CEEA1A1AB57F00710202 /* ip */ = {
			isa = PBXGroup;
			children = (
				B2E1CEEB1A1AB57F00710202 /* IpEndpointName.cpp */,
				B2E1CEEC1A1AB57F00710202 /* IpEndpointName.h */,
				B2E1CEED1A1AB57F00710202 /* NetworkingUtils.h */,
				B2E1CEEE1A1AB57F00710202 /* PacketListener.h */,
				B2E1CEF21A1AB57F00710202 /* TimerListener.h */,
				B2E1CEF31A1AB57F00710202 /* UdpSocket.h */,
				B2E1CEEF1A1AB57F00710202 /* posix */,
			);
			path = ip;
			sourceTree = "<group>";
		};
		B2E1CEEF1A1AB57F00710202 /* posix */ = {
			isa = PBXGroup;
			children = (
				B2E1CEF01A1AB57F00710202 /* NetworkingUtils.cpp */,
				B2E1CEF11A1AB57F00710202 /* UdpSocket.cpp */,
			);
			path = posix;
			sourceTree = "<group>";
		};
		B2E1CEF81A1AB57F00710202 /* osc */ = {
			isa = PBXGroup;
			children = (
				B2E1CEF91A1AB57F00710202 /* MessageMappingOscPacketListener.h */,
				B2E1CEFA1A1AB57F00710202 /* OscException.h */,
				B2E1CEFB1A1AB57F00710202 /* OscHostEndianness.h */,
				B2E1CEFE1A1AB57F00710202 /* OscPacketListener.h */,
				B2E1CEFF1A1AB57F00710202 /* OscPrintReceivedElements.cpp */,
				B2E1CF001A1AB57F00710202 /* OscPrintReceivedElements.h */,
				B2E1CF011A1AB57F00710202 /* OscReceivedElements.cpp */,
				B2E1CF021A1AB57F00710202 /* OscReceivedElements.h */,
				B2E1CF031A1AB57F00710202 /* OscTypes.cpp */,
				B2E1CF041A1AB57F00710202 /* OscTypes.h */,
			);
			path = osc;
			sourceTree = "<group>";
		};
/* End PBXGroup section */

/* Begin PBXNativeTarget section */
		8D1107260486CEB800E47090 /* Tuio2Demo */ = {
			isa = PBXNativeTarget;
			buildConfigurationList = C01FCF4A08A954540054247B /* Build configuration list for PBXNativeTarget "Tuio2Demo" */;
			buildPhases = (
				8D1107290486CEB800E47090 /* Resources */,
				8D11072C0486CEB800E47090 /* Sources */,
				8D11072E0486CEB800E47090 /* Frameworks */,
				002F39FD09D0883400EBEB88 /* Copy Frameworks into .app bundle */,
			);
			buildRules = (
			);
			dependencies = (
			);
			name = Tuio2Demo;
			productInstallPath = "$(HOME)/Applications";
			productName = TUIO_CPP;
			productReference = 8D1107320486CEB800E47090 /* Tuio2Demo.app */;
			productType = "com.apple.product-type.application";
		};
/* End PBXNativeTarget section */

/* Begin PBXProject section */
		29B97313FDCFA39411CA2CEA /* Project object */ = {
			isa = PBXProject;
			attributes = {
				LastUpgradeCheck = 0730;
			};
			buildConfigurationList = C01FCF4E08A954540054247B /* Build configuration list for PBXProject "Tuio2Demo" */;
			compatibilityVersion = "Xcode 3.2";
			developmentRegion = English;
			hasScannedForEncodings = 1;
			knownRegions = (
				English,
				Japanese,
				French,
				German,
			);
			mainGroup = 29B97314FDCFA39411CA2CEA /* TUIO_CPP */;
			projectDirPath = "";
			projectRoot = "";
			targets = (
				8D1107260486CEB800E47090 /* Tuio2Demo */,
			);
		};
/* End PBXProject section */

/* Begin PBXResourcesBuildPhase section */
		8D1107290486CEB800E47090 /* Resources */ = {
			isa = PBXResourcesBuildPhase;
			buildActionMask = 2147483647;
			files = (
				B2C2B89D109067D000262014 /* TUIO.icns in Resources */,
			);
			runOnlyForDeploymentPostprocessing = 0;
		};
/* End PBXResourcesBuildPhase section */

/* Begin PBXSourcesBuildPhase section */
		8D11072C0486CEB800E47090 /* Sources */ = {
			isa = PBXSourcesBuildPhase;
			buildActionMask = 2147483647;
			files = (
				B2E1CED81A1AB50600710202 /* TcpReceiver.cpp in Sources */,
				B2E1CF111A1AB57F00710202 /* OscTypes.cpp in Sources */,
				B2E1CEDC1A1AB50600710202 /* TuioComponent.cpp in Sources */,
				B2E1CEE01A1AB50600710202 /* TuioPoint.cpp in Sources */,
				B20EE3CE0C340C4B00026AC5 /* Tuio2Demo.cpp in Sources */,
				B2E1CEDA1A1AB50600710202 /* TuioBounds.cpp in Sources */,
				B2E1CF101A1AB57F00710202 /* OscReceivedElements.cpp in Sources */,
				B2E1CEDD1A1AB50600710202 /* TuioDispatcher.cpp in Sources */,
				B2E1CF0A1A1AB57F00710202 /* UdpSocket.cpp in Sources */,
				B2E1CEE41A1AB50600710202 /* TuioTime.cpp in Sources */,
				B2E1CF161A1AB62A00710202 /* TuioClient.cpp in Sources */,
				B2E1CF091A1AB57F00710202 /* NetworkingUtils.cpp in Sources */,
				B2E1CEE61A1AB50600710202 /* UdpReceiver.cpp in Sources */,
				B2E1CEDE1A1AB50600710202 /* TuioManager.cpp in Sources */,
				B2E1CF0F1A1AB57F00710202 /* OscPrintReceivedElements.cpp in Sources */,
				B2E1CEE51A1AB50600710202 /* TuioToken.cpp in Sources */,
				B2E1CEE31A1AB50600710202 /* TuioSymbol.cpp in Sources */,
				B2E1CED61A1AB50600710202 /* OscReceiver.cpp in Sources */,
				B2E1CEE11A1AB50600710202 /* TuioPointer.cpp in Sources */,
				B2E1CF081A1AB57F00710202 /* IpEndpointName.cpp in Sources */,
				B2E1CEDF1A1AB50600710202 /* TuioObject.cpp in Sources */,
			);
			runOnlyForDeploymentPostprocessing = 0;
		};
/* End PBXSourcesBuildPhase section */

/* Begin XCBuildConfiguration section */
		C01FCF4B08A954540054247B /* Debug */ = {
			isa = XCBuildConfiguration;
			buildSettings = {
				COPY_PHASE_STRIP = NO;
				FRAMEWORK_SEARCH_PATHS = (
					"$(inherited)",
					"$(LOCAL_LIBRARY_DIR)/Frameworks",
				);
				GCC_DYNAMIC_NO_PIC = NO;
				GCC_ENABLE_FIX_AND_CONTINUE = YES;
				GCC_OPTIMIZATION_LEVEL = 0;
				HEADER_SEARCH_PATHS = ../oscpack;
				INFOPLIST_FILE = Tuio2Demo.plist;
				INSTALL_PATH = "$(HOME)/Applications";
				PRODUCT_NAME = Tuio2Demo;
				WRAPPER_EXTENSION = app;
			};
			name = Debug;
		};
		C01FCF4C08A954540054247B /* Release */ = {
			isa = XCBuildConfiguration;
			buildSettings = {
				ARCHS = "$(ARCHS_STANDARD_32_64_BIT)";
				FRAMEWORK_SEARCH_PATHS = (
					"$(inherited)",
					"$(LOCAL_LIBRARY_DIR)/Frameworks",
				);
				GCC_GENERATE_DEBUGGING_SYMBOLS = NO;
				HEADER_SEARCH_PATHS = ../oscpack;
				INFOPLIST_FILE = Tuio2Demo.plist;
				INSTALL_PATH = "$(HOME)/Applications";
				PRODUCT_NAME = Tuio2Demo;
				WRAPPER_EXTENSION = app;
			};
			name = Release;
		};
		C01FCF4F08A954540054247B /* Debug */ = {
			isa = XCBuildConfiguration;
			buildSettings = {
				ARCHS = "$(ARCHS_STANDARD)";
				FRAMEWORK_SEARCH_PATHS = (
					/Library/Frameworks,
					"$(FRAMEWORK_SEARCH_PATHS)",
				);
				GCC_VERSION = "";
				GCC_WARN_ABOUT_RETURN_TYPE = YES;
				GCC_WARN_UNUSED_VARIABLE = YES;
				HEADER_SEARCH_PATHS = "";
				INFOPLIST_FILE = Tuio2Demo.plist;
				MACOSX_DEPLOYMENT_TARGET = 10.5;
				PRODUCT_NAME = Tuio2Demo;
				SDKROOT = macosx;
			};
			name = Debug;
		};
		C01FCF5008A954540054247B /* Release */ = {
			isa = XCBuildConfiguration;
			buildSettings = {
				ARCHS = "$(ARCHS_STANDARD)";
				FRAMEWORK_SEARCH_PATHS = (
					/Library/Frameworks,
					"$(FRAMEWORK_SEARCH_PATHS)",
				);
				GCC_VERSION = "";
				GCC_WARN_ABOUT_RETURN_TYPE = YES;
				GCC_WARN_UNUSED_VARIABLE = YES;
				HEADER_SEARCH_PATHS = "";
				INFOPLIST_FILE = Tuio2Demo.plist;
				MACOSX_DEPLOYMENT_TARGET = 10.5;
				PRECOMPS_INCLUDE_HEADERS_FROM_BUILT_PRODUCTS_DIR = YES;
				PRODUCT_NAME = Tuio2Demo;
				SDKROOT = macosx;
			};
			name = Release;
		};
/* End XCBuildConfiguration section */

/* Begin XCConfigurationList section */
		C01FCF4A08A954540054247B /* Build configuration list for PBXNativeTarget "Tuio2Demo" */ = {
			isa = XCConfigurationList;
			buildConfigurations = (
				C01FCF4B08A954540054247B /* Debug */,
				C01FCF4C08A954540054247B /* Release */,
			);
			defaultConfigurationIsVisible = 0;
			defaultConfigurationName = Release;
		};
		C01FCF4E08A954540054247B /* Build configuration list for PBXProject "Tuio2Demo" */ = {
			isa = XCConfigurationList;
			buildConfigurations = (
				C01FCF4F08A954540054247B /* Debug */,
				C01FCF5008A954540054247B /* Release */,
			);
			defaultConfigurationIsVisible = 0;
			defaultConfigurationName = Release;
		};
/* End XCConfigurationList section */
	};
	rootObject = 29B97313FDCFA39411CA2CEA /* Project object */;
}
